{
    "_readme": [
        "This file locks the dependencies of your project to a known state",
        "Read more about it at https://getcomposer.org/doc/01-basic-usage.md#composer-lock-the-lock-file",
        "This file is @generated automatically"
    ],
    "content-hash": "cb4d79566d975b1fce05ef269a39705c",
    "packages": [
        {
            "name": "gaswelder/havana",
            "version": "dev-master",
            "source": {
                "type": "git",
                "url": "https://github.com/gaswelder/havana",
                "reference": "ade8a6306239acfcc92f8a7b161fdaf1fa84092f"
            },
            "type": "library",
            "autoload": {
                "files": [
                    "main.php"
                ]
            },
            "license": [
                "MIT"
            ],
            "description": "Nano-framework",
            "time": "2018-11-20T22:10:45+00:00"
        }
    ],
    "packages-dev": [],
    "aliases": [],
    "minimum-stability": "stable",
    "stability-flags": {
        "gaswelder/havana": 20
    },
    "prefer-stable": false,
    "prefer-lowest": false,
    "platform": [],
    "platform-dev": []
}
